
Microsoft Visual Studio Solution File, Format Version 12.00
# Visual Studio 15
Project("{FAE04EC0-301F-11D3-BF4B-00C04F79EFBC}") = "Assembly-CSharp", "Assembly-CSharp.csproj", "{901E3D46-70AD-72DE-4F17-97A2BAB8E657}"
EndProject
Project("{FAE04EC0-301F-11D3-BF4B-00C04F79EFBC}") = "Assembly-CSharp-firstpass", "Assembly-CSharp-firstpass.csproj", "{E46A2FCC-69AA-2168-B599-0B2969CD243D}"
EndProject
Global
	GlobalSection(SolutionConfigurationPlatforms) = preSolution
		Debug|Any CPU = Debug|Any CPU
		Release|Any CPU = Release|Any CPU
	EndGlobalSection
	GlobalSection(ProjectConfigurationPlatforms) = postSolution
		{901E3D46-70AD-72DE-4F17-97A2BAB8E657}.Debug|Any CPU.ActiveCfg = Debug|Any CPU
		{901E3D46-70AD-72DE-4F17-97A2BAB8E657}.Debug|Any CPU.Build.0 = Debug|Any CPU
		{901E3D46-70AD-72DE-4F17-97A2BAB8E657}.Release|Any CPU.ActiveCfg = Release|Any CPU
		{901E3D46-70AD-72DE-4F17-97A2BAB8E657}.Release|Any CPU.Build.0 = Release|Any CPU
		{E46A2FCC-69AA-2168-B599-0B2969CD243D}.Debug|Any CPU.ActiveCfg = Debug|Any CPU
		{E46A2FCC-69AA-2168-B599-0B2969CD243D}.Debug|Any CPU.Build.0 = Debug|Any CPU
		{E46A2FCC-69AA-2168-B599-0B2969CD243D}.Release|Any CPU.ActiveCfg = Release|Any CPU
		{E46A2FCC-69AA-2168-B599-0B2969CD243D}.Release|Any CPU.Build.0 = Release|Any CPU
	EndGlobalSection
	GlobalSection(SolutionProperties) = preSolution
		HideSolutionNode = FALSE
	EndGlobalSection
EndGlobal
